{
  "nodes": {
    "fetch": {
      "inputs": {
        "nixpkgs": [
          "nixpkgs"
        ]
      },
      "locked": {
        "lastModified": 1784764430,
        "narHash": "sha256-K5VhrwvBfd+38Vj6bzquAHG6Fo5fHAgBraBUtxTIRfo=",
        "owner": "areofyl",
        "repo": "fetch",
        "rev": "e28b2fb3f26c2c78fbe21c3e8d3efd1115f1bad4",
        "type": "github"
      },
      "original": {
        "owner": "areofyl",
        "repo": "fetch",
        "type": "github"
      }
    },
    "flake-utils": {
      "inputs": {
        "systems": "systems"
      },
      "locked": {
        "lastModified": 1731533236,
        "narHash": "sha256-l0KFg5HjrsfsO/JpG+r7fRrqm12kzFHyUHqHCVpMMbI=",
        "owner": "numtide",
        "repo": "flake-utils",
        "rev": "11707dc2f618dd54ca8739b309ec4fc024de578b",
        "type": "github"
      },
      "original": {
        "owner": "numtide",
        "repo": "flake-utils",
        "type": "github"
      }
    },
    "home-manager": {
      "inputs": {
        "nixpkgs": [
          "nixpkgs"
        ]
      },
      "locked": {
        "lastModified": 1784350909,
        "narHash": "sha256-ZWyzLbS1yKUTeFJLmdVuWNnHttL333/ldJbEE+KzCrM=",
        "owner": "nix-community",
        "repo": "home-manager",
        "rev": "4ce190229c73d44536caa7072f6308fb2d8feeb3",
        "type": "github"
      },
      "original": {
        "owner": "nix-community",
        "ref": "release-26.05",
        "repo": "home-manager",
        "type": "github"
      }
    },
    "nixpkgs": {
      "locked": {
        "lastModified": 1784280462,
        "narHash": "sha256-tdf956RzIg3clDWEZsQrngaEJVxpPNzUsGhVHgGKBj8=",
        "rev": "293d6abedf0478e681a4dfcfcb35b30fc796a32f",
        "type": "tarball",
        "url": "https://releases.nixos.org/nixos/26.05/nixos-26.05.5449.293d6abedf04/nixexprs.tar.xz"
      },
      "original": {
        "id": "nixpkgs",
        "ref": "nixos-26.05",
        "type": "indirect"
      }
    },
    "root": {
      "inputs": {
        "fetch": "fetch",
        "home-manager": "home-manager",
        "nixpkgs": "nixpkgs",
        "tuiweb": "tuiweb"
      }
    },
    "systems": {
      "locked": {
        "lastModified": 1681028828,
        "narHash": "sha256-Vy1rq5AaRuLzOxct8nz4T6wlgyUR7zLU309k9mBC768=",
        "owner": "nix-systems",
        "repo": "default",
        "rev": "da67096a3b9bf56a91d16901293e51ba5b49a27e",
        "type": "github"
      },
      "original": {
        "owner": "nix-systems",
        "repo": "default",
        "type": "github"
      }
    },
    "tuiweb": {
      "inputs": {
        "flake-utils": "flake-utils",
        "nixpkgs": [
          "nixpkgs"
        ]
      },
      "locked": {
        "lastModified": 1785038714,
        "narHash": "sha256-Pyk4jq6Ocl+Jdx1OAErQpetZPRMMvG7K+mtp7YT99q4=",
        "ref": "refs/heads/master",
        "rev": "2b22f7ddffba69c3770440c06740d1df6916b5c5",
        "revCount": 5,
        "type": "git",
        "url": "file:///home/r3dg0d/Projects/tuiweb"
      },
      "original": {
        "type": "git",
        "url": "file:///home/r3dg0d/Projects/tuiweb"
      }
    }
  },
  "root": "root",
  "version": 7
}
